
Microsoft Visual Studio Solution File, Format Version 12.00
# Visual Studio Version 17
VisualStudioVersion = 17.7.34024.191
MinimumVisualStudioVersion = 10.0.40219.1
Project("{F184B08F-C81C-45F6-A57F-5ABD9991F28F}") = "TokoBuku", "TokoBuku.vbproj", "{785B4C57-9A73-4BE8-B1FA-1E2D9B29D076}"
EndProject
Global
	GlobalSection(SolutionConfigurationPlatforms) = preSolution
		Debug|Any CPU = Debug|Any CPU
		Release|Any CPU = Release|Any CPU
	EndGlobalSection
	GlobalSection(ProjectConfigurationPlatforms) = postSolution
		{785B4C57-9A73-4BE8-B1FA-1E2D9B29D076}.Debug|Any CPU.ActiveCfg = Debug|Any CPU
		{785B4C57-9A73-4BE8-B1FA-1E2D9B29D076}.Debug|Any CPU.Build.0 = Debug|Any CPU
		{785B4C57-9A73-4BE8-B1FA-1E2D9B29D076}.Release|Any CPU.ActiveCfg = Release|Any CPU
		{785B4C57-9A73-4BE8-B1FA-1E2D9B29D076}.Release|Any CPU.Build.0 = Release|Any CPU
	EndGlobalSection
	GlobalSection(SolutionProperties) = preSolution
		HideSolutionNode = FALSE
	EndGlobalSection
	GlobalSection(ExtensibilityGlobals) = postSolution
		SolutionGuid = {5F953263-170E-4A22-A450-D19DAD31F2C0}
	EndGlobalSection
EndGlobal
